// !$*UTF8*$!
{
	archiveVersion = 1;
	classes = {
	};
	objectVersion = 70;
	objects = {

/* Begin PBXBuildFile section */
		6109714A2FFBBFF7009D9875 /* SignUpView.swift in Sources */ = {isa = PBXBuildFile; fileRef = 610971492FFBBFF7009D9875 /* SignUpView.swift */; };
		610F49A43021F72000636C4F /* View+LiquidGlass.swift in Sources */ = {isa = PBXBuildFile; fileRef = 610F49A33021F72000636C4F /* View+LiquidGlass.swift */; };
		6110A0013000060000C0DEA1 /* VetClinic.swift in Sources */ = {isa = PBXBuildFile; fileRef = 6110A0003000060000C0DEA1 /* VetClinic.swift */; };
		6110A0033000060000C0DEA1 /* LocationManager.swift in Sources */ = {isa = PBXBuildFile; fileRef = 6110A0023000060000C0DEA1 /* LocationManager.swift */; };
		6110A0053000060000C0DEA1 /* NearbyVetClinicViewModel.swift in Sources */ = {isa = PBXBuildFile; fileRef = 6110A0043000060000C0DEA1 /* NearbyVetClinicViewModel.swift */; };
		6110A0073000060000C0DEA1 /* VetClinicCardView.swift in Sources */ = {isa = PBXBuildFile; fileRef = 6110A0063000060000C0DEA1 /* VetClinicCardView.swift */; };
		6110BF903063DAC8007EE2F8 /* SpeciesClassifier .mlmodel in Sources */ = {isa = PBXBuildFile; fileRef = 6110BF8F3063DAC8007EE2F8 /* SpeciesClassifier .mlmodel */; };
		6110BF923063DB46007EE2F8 /* DogBreedClassifier.mlmodel in Sources */ = {isa = PBXBuildFile; fileRef = 6110BF913063DB46007EE2F8 /* DogBreedClassifier.mlmodel */; };
		6110BF943063DB59007EE2F8 /* FarmAnimalClassifier.mlmodel in Sources */ = {isa = PBXBuildFile; fileRef = 6110BF933063DB59007EE2F8 /* FarmAnimalClassifier.mlmodel */; };
		6110BF963063DB5F007EE2F8 /* RodentClassifier.mlmodel in Sources */ = {isa = PBXBuildFile; fileRef = 6110BF953063DB5F007EE2F8 /* RodentClassifier.mlmodel */; };
		6110BF983063DB65007EE2F8 /* BirdClassifier.mlmodel in Sources */ = {isa = PBXBuildFile; fileRef = 6110BF973063DB65007EE2F8 /* BirdClassifier.mlmodel */; };
		6110BF9A3063DB6B007EE2F8 /* CatBreedClassifier.mlmodel in Sources */ = {isa = PBXBuildFile; fileRef = 6110BF993063DB6B007EE2F8 /* CatBreedClassifier.mlmodel */; };
		6110BF9C3063DC35007EE2F8 /* ClassifierLabelMap.swift in Sources */ = {isa = PBXBuildFile; fileRef = 6110BF9B3063DC35007EE2F8 /* ClassifierLabelMap.swift */; };
		6110BF9D3063DC35007EE2F8 /* ClassifierLabelMap.swift in Sources */ = {isa = PBXBuildFile; fileRef = 6110BF9B3063DC35007EE2F8 /* ClassifierLabelMap.swift */; };
		6110BFA03063DC56007EE2F8 /* AnimalClassifier.swift in Sources */ = {isa = PBXBuildFile; fileRef = 6110BF9E3063DC56007EE2F8 /* AnimalClassifier.swift */; };
		611248DA3004EE980021C332 /* ScanResultView.swift in Sources */ = {isa = PBXBuildFile; fileRef = 611248D93004EE980021C332 /* ScanResultView.swift */; };
		611248DC3004EEA10021C332 /* ProfileScreenView.swift in Sources */ = {isa = PBXBuildFile; fileRef = 611248DB3004EEA10021C332 /* ProfileScreenView.swift */; };
		611248E03004EEB00021C332 /* CameraCaptureView.swift in Sources */ = {isa = PBXBuildFile; fileRef = 611248DF3004EEB00021C332 /* CameraCaptureView.swift */; };
		611248E23004EEB90021C332 /* AnimalLibraryView.swift in Sources */ = {isa = PBXBuildFile; fileRef = 611248E13004EEB90021C332 /* AnimalLibraryView.swift */; };
		611B67643061472200779545 /* PetCollageView.swift in Sources */ = {isa = PBXBuildFile; fileRef = 611B67633061472200779545 /* PetCollageView.swift */; };
		612B04C030515D0B0081C3F1 /* WeightHeightTrackerView.swift in Sources */ = {isa = PBXBuildFile; fileRef = 612B04BF30515D0B0081C3F1 /* WeightHeightTrackerView.swift */; };
		612B04C130515D0B0081C3F1 /* WeightHeightTrackerView.swift in Sources */ = {isa = PBXBuildFile; fileRef = 612B04BF30515D0B0081C3F1 /* WeightHeightTrackerView.swift */; };
		612B04C43051636A0081C3F1 /* MedicalReminderView.swift in Sources */ = {isa = PBXBuildFile; fileRef = 612B04C23051636A0081C3F1 /* MedicalReminderView.swift */; };
		612B04C6305163A40081C3F1 /* FoodWalkTrackerView.swift in Sources */ = {isa = PBXBuildFile; fileRef = 612B04C5305163A40081C3F1 /* FoodWalkTrackerView.swift */; };
		612B04C7305163A40081C3F1 /* FoodWalkTrackerView.swift in Sources */ = {isa = PBXBuildFile; fileRef = 612B04C5305163A40081C3F1 /* FoodWalkTrackerView.swift */; };
		612B04C9305163BB0081C3F1 /* PetsListView.swift in Sources */ = {isa = PBXBuildFile; fileRef = 612B04C8305163BB0081C3F1 /* PetsListView.swift */; };
		612B04CA305163BB0081C3F1 /* PetsListView.swift in Sources */ = {isa = PBXBuildFile; fileRef = 612B04C8305163BB0081C3F1 /* PetsListView.swift */; };
		612B77CC305E989E00A9140B /* RevenueCat in Frameworks */ = {isa = PBXBuildFile; productRef = 612B77CB305E989E00A9140B /* RevenueCat */; };
		612B77CE305E989E00A9140B /* RevenueCatUI in Frameworks */ = {isa = PBXBuildFile; productRef = 612B77CD305E989E00A9140B /* RevenueCatUI */; };
		612B77D0305EA17A00A9140B /* SubscriptionManager.swift in Sources */ = {isa = PBXBuildFile; fileRef = 612B77CF305EA17A00A9140B /* SubscriptionManager.swift */; };
		613A5F8F3004DECE006F3A06 /* HomeScreenView.swift in Sources */ = {isa = PBXBuildFile; fileRef = 613A5F8E3004DECE006F3A06 /* HomeScreenView.swift */; };
		6151851A303C4E9800C728C0 /* NotificationTemplates.json in Resources */ = {isa = PBXBuildFile; fileRef = 61518519303C4E9000C728C0 /* NotificationTemplates.json */; };
		6151851C303C4F5A00C728C0 /* NotificationManager.swift in Sources */ = {isa = PBXBuildFile; fileRef = 6151851B303C4F5A00C728C0 /* NotificationManager.swift */; };
		6151851E303C585300C728C0 /* NotificationTemplate.swift in Sources */ = {isa = PBXBuildFile; fileRef = 6151851D303C585300C728C0 /* NotificationTemplate.swift */; };
		61518526303C5E9700C728C0 /* WidgetKit.framework in Frameworks */ = {isa = PBXBuildFile; fileRef = 61518525303C5E9600C728C0 /* WidgetKit.framework */; };
		61518528303C5E9700C728C0 /* SwiftUI.framework in Frameworks */ = {isa = PBXBuildFile; fileRef = 61518527303C5E9700C728C0 /* SwiftUI.framework */; };
		61518539303C5E9900C728C0 /* DrPawWidgetExtension.appex in Embed Foundation Extensions */ = {isa = PBXBuildFile; fileRef = 61518523303C5E9600C728C0 /* DrPawWidgetExtension.appex */; settings = {ATTRIBUTES = (RemoveHeadersOnCopy, ); }; };
		6151853F303C648E00C728C0 /* Animal.swift in Sources */ = {isa = PBXBuildFile; fileRef = 61662D3830078330008CA460 /* Animal.swift */; };
		61518540303C649900C728C0 /* AnimalData.swift in Sources */ = {isa = PBXBuildFile; fileRef = 61662D3630078291008CA460 /* AnimalData.swift */; };
		6153C4A63052AC7A003C9AB1 /* ColorExtension.swift in Sources */ = {isa = PBXBuildFile; fileRef = 61541A242FFBABB40049D5C9 /* ColorExtension.swift */; };
		6153C4A73052ACB2003C9AB1 /* View+LiquidGlass.swift in Sources */ = {isa = PBXBuildFile; fileRef = 610F49A33021F72000636C4F /* View+LiquidGlass.swift */; };
		6153C4AA3052C0F6003C9AB1 /* Dr_Paw.xcdatamodeld in Sources */ = {isa = PBXBuildFile; fileRef = 6153C4A83052C0F6003C9AB1 /* Dr_Paw.xcdatamodeld */; };
		6153C4AB3052C0F6003C9AB1 /* Dr_Paw.xcdatamodeld in Sources */ = {isa = PBXBuildFile; fileRef = 6153C4A83052C0F6003C9AB1 /* Dr_Paw.xcdatamodeld */; };
		6153C4AD3052C23C003C9AB1 /* PersistenceController.swift in Sources */ = {isa = PBXBuildFile; fileRef = 6153C4AC3052C23C003C9AB1 /* PersistenceController.swift */; };
		6153C4AE3052C23C003C9AB1 /* PersistenceController.swift in Sources */ = {isa = PBXBuildFile; fileRef = 6153C4AC3052C23C003C9AB1 /* PersistenceController.swift */; };
		6153C4B03052C2ED003C9AB1 /* PetStore.swift in Sources */ = {isa = PBXBuildFile; fileRef = 6153C4AF3052C2ED003C9AB1 /* PetStore.swift */; };
		6153C4B13052C2ED003C9AB1 /* PetStore.swift in Sources */ = {isa = PBXBuildFile; fileRef = 6153C4AF3052C2ED003C9AB1 /* PetStore.swift */; };
		6153C4B63052C464003C9AB1 /* AddPetView.swift in Sources */ = {isa = PBXBuildFile; fileRef = 6153C4B53052C464003C9AB1 /* AddPetView.swift */; };
		6153C4B73052C464003C9AB1 /* AddPetView.swift in Sources */ = {isa = PBXBuildFile; fileRef = 6153C4B53052C464003C9AB1 /* AddPetView.swift */; };
		61541A252FFBABB40049D5C9 /* ColorExtension.swift in Sources */ = {isa = PBXBuildFile; fileRef = 61541A242FFBABB40049D5C9 /* ColorExtension.swift */; };
		61541A272FFBB9D10049D5C9 /* LoginView.swift in Sources */ = {isa = PBXBuildFile; fileRef = 61541A262FFBB9D10049D5C9 /* LoginView.swift */; };
		61662D3730078291008CA460 /* AnimalData.swift in Sources */ = {isa = PBXBuildFile; fileRef = 61662D3630078291008CA460 /* AnimalData.swift */; };
		61662D3930078330008CA460 /* Animal.swift in Sources */ = {isa = PBXBuildFile; fileRef = 61662D3830078330008CA460 /* Animal.swift */; };
		6168697F2FFE52F100BE4342 /* TopRoundedRectangle.swift in Sources */ = {isa = PBXBuildFile; fileRef = 6168697E2FFE52F100BE4342 /* TopRoundedRectangle.swift */; };
		616EB5BC2FFF8DCA0014C9E4 /* onBoarding2.swift in Sources */ = {isa = PBXBuildFile; fileRef = 616EB5BB2FFF8DCA0014C9E4 /* onBoarding2.swift */; };
		616EB5BE2FFF91A50014C9E4 /* onBoarding3.swift in Sources */ = {isa = PBXBuildFile; fileRef = 616EB5BD2FFF91A50014C9E4 /* onBoarding3.swift */; };
		61733FE63000FFE4000A8F47 /* UserSession.swift in Sources */ = {isa = PBXBuildFile; fileRef = 61733FE53000FFE4000A8F47 /* UserSession.swift */; };
		61AB39073054107D0028DEF3 /* MeasurementUnits.swift in Sources */ = {isa = PBXBuildFile; fileRef = 61AB39063054107D0028DEF3 /* MeasurementUnits.swift */; };
		61AB39083054107D0028DEF3 /* MeasurementUnits.swift in Sources */ = {isa = PBXBuildFile; fileRef = 61AB39063054107D0028DEF3 /* MeasurementUnits.swift */; };
		61AB390A305411070028DEF3 /* WeightHeightStore.swift in Sources */ = {isa = PBXBuildFile; fileRef = 61AB3909305411070028DEF3 /* WeightHeightStore.swift */; };
		61AB390B305411070028DEF3 /* WeightHeightStore.swift in Sources */ = {isa = PBXBuildFile; fileRef = 61AB3909305411070028DEF3 /* WeightHeightStore.swift */; };
		61AB391D3054C8E00028DEF3 /* PetDetailsView.swift in Sources */ = {isa = PBXBuildFile; fileRef = 61AB391C3054C8E00028DEF3 /* PetDetailsView.swift */; };
		61AF16F8300A4581000F1CA6 /* MyAnimals.swift in Sources */ = {isa = PBXBuildFile; fileRef = 61AF16F7300A4581000F1CA6 /* MyAnimals.swift */; };
		61AF16FA300A4597000F1CA6 /* ScanHistory.swift in Sources */ = {isa = PBXBuildFile; fileRef = 61AF16F9300A4597000F1CA6 /* ScanHistory.swift */; };
		61AF16FC300A45AF000F1CA6 /* Remainders.swift in Sources */ = {isa = PBXBuildFile; fileRef = 61AF16FB300A45AF000F1CA6 /* Remainders.swift */; };
		61AF16FE300A45C1000F1CA6 /* Storage.swift in Sources */ = {isa = PBXBuildFile; fileRef = 61AF16FD300A45C1000F1CA6 /* Storage.swift */; };
		61AF1700300A45D6000F1CA6 /* About.swift in Sources */ = {isa = PBXBuildFile; fileRef = 61AF16FF300A45D6000F1CA6 /* About.swift */; };
		61CD5FDC2FFD16A8006E4A32 /* onBoarding1.swift in Sources */ = {isa = PBXBuildFile; fileRef = 61CD5FDB2FFD16A8006E4A32 /* onBoarding1.swift */; };
		61D4C08C3061113D0074CDAA /* PaywallView.swift in Sources */ = {isa = PBXBuildFile; fileRef = 61D4C08B3061113D0074CDAA /* PaywallView.swift */; };
		61DD959130626DC800A57945 /* MedicalReminderView.swift in Sources */ = {isa = PBXBuildFile; fileRef = 612B04C23051636A0081C3F1 /* MedicalReminderView.swift */; };
		61DD959330626E0400A57945 /* NotificationManager.swift in Sources */ = {isa = PBXBuildFile; fileRef = 6151851B303C4F5A00C728C0 /* NotificationManager.swift */; };
		61DD959430626E0D00A57945 /* NotificationTemplate.swift in Sources */ = {isa = PBXBuildFile; fileRef = 6151851D303C585300C728C0 /* NotificationTemplate.swift */; };
		61E1E7EF3053B4AB00B75AC2 /* PetFormView.swift in Sources */ = {isa = PBXBuildFile; fileRef = 61E1E7EE3053B4AB00B75AC2 /* PetFormView.swift */; };
		61E1E7F03053B4AB00B75AC2 /* PetFormView.swift in Sources */ = {isa = PBXBuildFile; fileRef = 61E1E7EE3053B4AB00B75AC2 /* PetFormView.swift */; };
		61EC2990305A5C7100FA3766 /* SettingsView.swift in Sources */ = {isa = PBXBuildFile; fileRef = 61EC298F305A5C7100FA3766 /* SettingsView.swift */; };
		61EC29B0305C010000FA3766 /* WidgetSharedStore.swift in Sources */ = {isa = PBXBuildFile; fileRef = 61EC29AF305C010000FA3766 /* WidgetSharedStore.swift */; };
		61EC29B1305C010000FA3766 /* WidgetSharedStore.swift in Sources */ = {isa = PBXBuildFile; fileRef = 61EC29AF305C010000FA3766 /* WidgetSharedStore.swift */; };
		61EC29B3305C010100FA3766 /* DeepLinkRouter.swift in Sources */ = {isa = PBXBuildFile; fileRef = 61EC29B2305C010100FA3766 /* DeepLinkRouter.swift */; };
		61EC29B5305C010200FA3766 /* PetTimeActivityManager.swift in Sources */ = {isa = PBXBuildFile; fileRef = 61EC29B4305C010200FA3766 /* PetTimeActivityManager.swift */; };
		620000013100000000000001 /* SupabaseAuthService.swift in Sources */ = {isa = PBXBuildFile; fileRef = 620000013100000000000002 /* SupabaseAuthService.swift */; };
		620000013100000000000003 /* KeychainStore.swift in Sources */ = {isa = PBXBuildFile; fileRef = 620000013100000000000004 /* KeychainStore.swift */; };
		84A5E0E12FF7D0A300E06FE3 /* LogoScreen.swift in Sources */ = {isa = PBXBuildFile; fileRef = 84A5E0E02FF7D0A300E06FE3 /* LogoScreen.swift */; };
		84A5E0E32FF7D0C800E06FE3 /* SplashScreen.swift in Sources */ = {isa = PBXBuildFile; fileRef = 84A5E0E22FF7D0C800E06FE3 /* SplashScreen.swift */; };
		84EB63182FE927BC0061BCA3 /* Dr_PawApp.swift in Sources */ = {isa = PBXBuildFile; fileRef = 84EB63172FE927BC0061BCA3 /* Dr_PawApp.swift */; };
		84EB631C2FE927BD0061BCA3 /* Assets.xcassets in Resources */ = {isa = PBXBuildFile; fileRef = 84EB631B2FE927BD0061BCA3 /* Assets.xcassets */; };
		84EB631F2FE927BD0061BCA3 /* Preview Assets.xcassets in Resources */ = {isa = PBXBuildFile; fileRef = 84EB631E2FE927BD0061BCA3 /* Preview Assets.xcassets */; };
/* End PBXBuildFile section */

/* Begin PBXContainerItemProxy section */
		61518537303C5E9900C728C0 /* PBXContainerItemProxy */ = {
			isa = PBXContainerItemProxy;
			containerPortal = 84EB630C2FE927BC0061BCA3 /* Project object */;
			proxyType = 1;
			remoteGlobalIDString = 61518522303C5E9600C728C0;
			remoteInfo = DrPawWidgetExtension;
		};
/* End PBXContainerItemProxy section */

/* Begin PBXCopyFilesBuildPhase section */
		6151853E303C5E9900C728C0 /* Embed Foundation Extensions */ = {
			isa = PBXCopyFilesBuildPhase;
			buildActionMask = 2147483647;
			dstPath = "";
			dstSubfolderSpec = 13;
			files = (
				61518539303C5E9900C728C0 /* DrPawWidgetExtension.appex in Embed Foundation Extensions */,
			);
			name = "Embed Foundation Extensions";
			runOnlyForDeploymentPostprocessing = 0;
		};
/* End PBXCopyFilesBuildPhase section */

/* Begin PBXFileReference section */
		610971492FFBBFF7009D9875 /* SignUpView.swift */ = {isa = PBXFileReference; lastKnownFileType = sourcecode.swift; path = SignUpView.swift; sourceTree = "<group>"; };
		610F49A33021F72000636C4F /* View+LiquidGlass.swift */ = {isa = PBXFileReference; lastKnownFileType = sourcecode.swift; path = "View+LiquidGlass.swift"; sourceTree = "<group>"; };
		6110A0003000060000C0DEA1 /* VetClinic.swift */ = {isa = PBXFileReference; lastKnownFileType = sourcecode.swift; path = VetClinic.swift; sourceTree = "<group>"; };
		6110A0023000060000C0DEA1 /* LocationManager.swift */ = {isa = PBXFileReference; lastKnownFileType = sourcecode.swift; path = LocationManager.swift; sourceTree = "<group>"; };
		6110A0043000060000C0DEA1 /* NearbyVetClinicViewModel.swift */ = {isa = PBXFileReference; lastKnownFileType = sourcecode.swift; path = NearbyVetClinicViewModel.swift; sourceTree = "<group>"; };
		6110A0063000060000C0DEA1 /* VetClinicCardView.swift */ = {isa = PBXFileReference; lastKnownFileType = sourcecode.swift; path = VetClinicCardView.swift; sourceTree = "<group>"; };
		6110BF8F3063DAC8007EE2F8 /* SpeciesClassifier .mlmodel */ = {isa = PBXFileReference; lastKnownFileType = file.mlmodel; path = "SpeciesClassifier .mlmodel"; sourceTree = "<group>"; };
		6110BF913063DB46007EE2F8 /* DogBreedClassifier.mlmodel */ = {isa = PBXFileReference; lastKnownFileType = file.mlmodel; path = DogBreedClassifier.mlmodel; sourceTree = "<group>"; };
		6110BF933063DB59007EE2F8 /* FarmAnimalClassifier.mlmodel */ = {isa = PBXFileReference; lastKnownFileType = file.mlmodel; path = FarmAnimalClassifier.mlmodel; sourceTree = "<group>"; };
		6110BF953063DB5F007EE2F8 /* RodentClassifier.mlmodel */ = {isa = PBXFileReference; lastKnownFileType = file.mlmodel; path = RodentClassifier.mlmodel; sourceTree = "<group>"; };
		6110BF973063DB65007EE2F8 /* BirdClassifier.mlmodel */ = {isa = PBXFileReference; lastKnownFileType = file.mlmodel; path = BirdClassifier.mlmodel; sourceTree = "<group>"; };
		6110BF993063DB6B007EE2F8 /* CatBreedClassifier.mlmodel */ = {isa = PBXFileReference; lastKnownFileType = file.mlmodel; path = CatBreedClassifier.mlmodel; sourceTree = "<group>"; };
		6110BF9B3063DC35007EE2F8 /* ClassifierLabelMap.swift */ = {isa = PBXFileReference; lastKnownFileType = sourcecode.swift; path = ClassifierLabelMap.swift; sourceTree = "<group>"; };
		6110BF9E3063DC56007EE2F8 /* AnimalClassifier.swift */ = {isa = PBXFileReference; lastKnownFileType = sourcecode.swift; path = AnimalClassifier.swift; sourceTree = "<group>"; };
		611248D93004EE980021C332 /* ScanResultView.swift */ = {isa = PBXFileReference; lastKnownFileType = sourcecode.swift; path = ScanResultView.swift; sourceTree = "<group>"; };
		611248DB3004EEA10021C332 /* ProfileScreenView.swift */ = {isa = PBXFileReference; lastKnownFileType = sourcecode.swift; path = ProfileScreenView.swift; sourceTree = "<group>"; };
		611248DF3004EEB00021C332 /* CameraCaptureView.swift */ = {isa = PBXFileReference; lastKnownFileType = sourcecode.swift; path = CameraCaptureView.swift; sourceTree = "<group>"; };
		611248E13004EEB90021C332 /* AnimalLibraryView.swift */ = {isa = PBXFileReference; lastKnownFileType = sourcecode.swift; path = AnimalLibraryView.swift; sourceTree = "<group>"; };
		611B67633061472200779545 /* PetCollageView.swift */ = {isa = PBXFileReference; lastKnownFileType = sourcecode.swift; path = PetCollageView.swift; sourceTree = "<group>"; };
		612B04BF30515D0B0081C3F1 /* WeightHeightTrackerView.swift */ = {isa = PBXFileReference; lastKnownFileType = sourcecode.swift; path = WeightHeightTrackerView.swift; sourceTree = "<group>"; };
		612B04C23051636A0081C3F1 /* MedicalReminderView.swift */ = {isa = PBXFileReference; lastKnownFileType = sourcecode.swift; path = MedicalReminderView.swift; sourceTree = "<group>"; };
		612B04C5305163A40081C3F1 /* FoodWalkTrackerView.swift */ = {isa = PBXFileReference; lastKnownFileType = sourcecode.swift; path = FoodWalkTrackerView.swift; sourceTree = "<group>"; };
		612B04C8305163BB0081C3F1 /* PetsListView.swift */ = {isa = PBXFileReference; lastKnownFileType = sourcecode.swift; path = PetsListView.swift; sourceTree = "<group>"; };
		612B77CF305EA17A00A9140B /* SubscriptionManager.swift */ = {isa = PBXFileReference; lastKnownFileType = sourcecode.swift; path = SubscriptionManager.swift; sourceTree = "<group>"; };
		613A5F8E3004DECE006F3A06 /* HomeScreenView.swift */ = {isa = PBXFileReference; lastKnownFileType = sourcecode.swift; path = HomeScreenView.swift; sourceTree = "<group>"; };
		61518519303C4E9000C728C0 /* NotificationTemplates.json */ = {isa = PBXFileReference; lastKnownFileType = text.json; path = NotificationTemplates.json; sourceTree = "<group>"; };
		6151851B303C4F5A00C728C0 /* NotificationManager.swift */ = {isa = PBXFileReference; lastKnownFileType = sourcecode.swift; path = NotificationManager.swift; sourceTree = "<group>"; };
		6151851D303C585300C728C0 /* NotificationTemplate.swift */ = {isa = PBXFileReference; lastKnownFileType = sourcecode.swift; path = NotificationTemplate.swift; sourceTree = "<group>"; };
		61518523303C5E9600C728C0 /* DrPawWidgetExtension.appex */ = {isa = PBXFileReference; explicitFileType = "wrapper.app-extension"; includeInIndex = 0; path = DrPawWidgetExtension.appex; sourceTree = BUILT_PRODUCTS_DIR; };
		61518525303C5E9600C728C0 /* WidgetKit.framework */ = {isa = PBXFileReference; lastKnownFileType = wrapper.framework; name = WidgetKit.framework; path = System/Library/Frameworks/WidgetKit.framework; sourceTree = SDKROOT; };
		61518527303C5E9700C728C0 /* SwiftUI.framework */ = {isa = PBXFileReference; lastKnownFileType = wrapper.framework; name = SwiftUI.framework; path = System/Library/Frameworks/SwiftUI.framework; sourceTree = SDKROOT; };
		6153C4A93052C0F6003C9AB1 /* Dr_Paw.xcdatamodel */ = {isa = PBXFileReference; lastKnownFileType = wrapper.xcdatamodel; path = Dr_Paw.xcdatamodel; sourceTree = "<group>"; };
		6153C4AC3052C23C003C9AB1 /* PersistenceController.swift */ = {isa = PBXFileReference; lastKnownFileType = sourcecode.swift; path = PersistenceController.swift; sourceTree = "<group>"; };
		6153C4AF3052C2ED003C9AB1 /* PetStore.swift */ = {isa = PBXFileReference; lastKnownFileType = sourcecode.swift; path = PetStore.swift; sourceTree = "<group>"; };
		6153C4B53052C464003C9AB1 /* AddPetView.swift */ = {isa = PBXFileReference; lastKnownFileType = sourcecode.swift; path = AddPetView.swift; sourceTree = "<group>"; };
		61541A242FFBABB40049D5C9 /* ColorExtension.swift */ = {isa = PBXFileReference; lastKnownFileType = sourcecode.swift; path = ColorExtension.swift; sourceTree = "<group>"; };
		61541A262FFBB9D10049D5C9 /* LoginView.swift */ = {isa = PBXFileReference; lastKnownFileType = sourcecode.swift; path = LoginView.swift; sourceTree = "<group>"; };
		61662D3630078291008CA460 /* AnimalData.swift */ = {isa = PBXFileReference; lastKnownFileType = sourcecode.swift; path = AnimalData.swift; sourceTree = "<group>"; };
		61662D3830078330008CA460 /* Animal.swift */ = {isa = PBXFileReference; lastKnownFileType = sourcecode.swift; path = Animal.swift; sourceTree = "<group>"; };
		6168697E2FFE52F100BE4342 /* TopRoundedRectangle.swift */ = {isa = PBXFileReference; lastKnownFileType = sourcecode.swift; path = TopRoundedRectangle.swift; sourceTree = "<group>"; };
		616EB5BB2FFF8DCA0014C9E4 /* onBoarding2.swift */ = {isa = PBXFileReference; lastKnownFileType = sourcecode.swift; path = onBoarding2.swift; sourceTree = "<group>"; };
		616EB5BD2FFF91A50014C9E4 /* onBoarding3.swift */ = {isa = PBXFileReference; lastKnownFileType = sourcecode.swift; path = onBoarding3.swift; sourceTree = "<group>"; };
		61733FE53000FFE4000A8F47 /* UserSession.swift */ = {isa = PBXFileReference; lastKnownFileType = sourcecode.swift; path = UserSession.swift; sourceTree = "<group>"; };
		61AB39063054107D0028DEF3 /* MeasurementUnits.swift */ = {isa = PBXFileReference; lastKnownFileType = sourcecode.swift; path = MeasurementUnits.swift; sourceTree = "<group>"; };
		61AB3909305411070028DEF3 /* WeightHeightStore.swift */ = {isa = PBXFileReference; lastKnownFileType = sourcecode.swift; path = WeightHeightStore.swift; sourceTree = "<group>"; };
		61AB391C3054C8E00028DEF3 /* PetDetailsView.swift */ = {isa = PBXFileReference; lastKnownFileType = sourcecode.swift; path = PetDetailsView.swift; sourceTree = "<group>"; };
		61AF16F7300A4581000F1CA6 /* MyAnimals.swift */ = {isa = PBXFileReference; lastKnownFileType = sourcecode.swift; path = MyAnimals.swift; sourceTree = "<group>"; };
		61AF16F9300A4597000F1CA6 /* ScanHistory.swift */ = {isa = PBXFileReference; lastKnownFileType = sourcecode.swift; path = ScanHistory.swift; sourceTree = "<group>"; };
		61AF16FB300A45AF000F1CA6 /* Remainders.swift */ = {isa = PBXFileReference; lastKnownFileType = sourcecode.swift; path = Remainders.swift; sourceTree = "<group>"; };
		61AF16FD300A45C1000F1CA6 /* Storage.swift */ = {isa = PBXFileReference; lastKnownFileType = sourcecode.swift; path = Storage.swift; sourceTree = "<group>"; };
		61AF16FF300A45D6000F1CA6 /* About.swift */ = {isa = PBXFileReference; lastKnownFileType = sourcecode.swift; path = About.swift; sourceTree = "<group>"; };
		61CD5FDB2FFD16A8006E4A32 /* onBoarding1.swift */ = {isa = PBXFileReference; lastKnownFileType = sourcecode.swift; path = onBoarding1.swift; sourceTree = "<group>"; };
		61D4C08B3061113D0074CDAA /* PaywallView.swift */ = {isa = PBXFileReference; lastKnownFileType = sourcecode.swift; path = PaywallView.swift; sourceTree = "<group>"; };
		61E1E7EE3053B4AB00B75AC2 /* PetFormView.swift */ = {isa = PBXFileReference; lastKnownFileType = sourcecode.swift; path = PetFormView.swift; sourceTree = "<group>"; };
		61EC298F305A5C7100FA3766 /* SettingsView.swift */ = {isa = PBXFileReference; lastKnownFileType = sourcecode.swift; path = SettingsView.swift; sourceTree = "<group>"; };
		61EC29AF305C010000FA3766 /* WidgetSharedStore.swift */ = {isa = PBXFileReference; lastKnownFileType = sourcecode.swift; path = WidgetSharedStore.swift; sourceTree = "<group>"; };
		61EC29B2305C010100FA3766 /* DeepLinkRouter.swift */ = {isa = PBXFileReference; lastKnownFileType = sourcecode.swift; path = DeepLinkRouter.swift; sourceTree = "<group>"; };
		61EC29B4305C010200FA3766 /* PetTimeActivityManager.swift */ = {isa = PBXFileReference; lastKnownFileType = sourcecode.swift; path = PetTimeActivityManager.swift; sourceTree = "<group>"; };
		620000013100000000000002 /* SupabaseAuthService.swift */ = {isa = PBXFileReference; lastKnownFileType = sourcecode.swift; path = SupabaseAuthService.swift; sourceTree = "<group>"; };
		620000013100000000000004 /* KeychainStore.swift */ = {isa = PBXFileReference; lastKnownFileType = sourcecode.swift; path = KeychainStore.swift; sourceTree = "<group>"; };
		84A5E0E02FF7D0A300E06FE3 /* LogoScreen.swift */ = {isa = PBXFileReference; lastKnownFileType = sourcecode.swift; path = LogoScreen.swift; sourceTree = "<group>"; };
		84A5E0E22FF7D0C800E06FE3 /* SplashScreen.swift */ = {isa = PBXFileReference; lastKnownFileType = sourcecode.swift; path = SplashScreen.swift; sourceTree = "<group>"; };
		84EB63142FE927BC0061BCA3 /* Dr.Paw.app */ = {isa = PBXFileReference; explicitFileType = wrapper.application; includeInIndex = 0; path = Dr.Paw.app; sourceTree = BUILT_PRODUCTS_DIR; };
		84EB63172FE927BC0061BCA3 /* Dr_PawApp.swift */ = {isa = PBXFileReference; lastKnownFileType = sourcecode.swift; path = Dr_PawApp.swift; sourceTree = "<group>"; };
		84EB631B2FE927BD0061BCA3 /* Assets.xcassets */ = {isa = PBXFileReference; lastKnownFileType = folder.assetcatalog; path = Assets.xcassets; sourceTree = "<group>"; };
		84EB631E2FE927BD0061BCA3 /* Preview Assets.xcassets */ = {isa = PBXFileReference; lastKnownFileType = folder.assetcatalog; path = "Preview Assets.xcassets"; sourceTree = "<group>"; };
/* End PBXFileReference section */

/* Begin PBXFileSystemSynchronizedBuildFileExceptionSet section */
		6151853A303C5E9900C728C0 /* PBXFileSystemSynchronizedBuildFileExceptionSet */ = {
			isa = PBXFileSystemSynchronizedBuildFileExceptionSet;
			membershipExceptions = (
				Info.plist,
			);
			target = 61518522303C5E9600C728C0 /* DrPawWidgetExtension */;
		};
/* End PBXFileSystemSynchronizedBuildFileExceptionSet section */

/* Begin PBXFileSystemSynchronizedRootGroup section */
		61518529303C5E9700C728C0 /* DrPawWidget */ = {isa = PBXFileSystemSynchronizedRootGroup; exceptions = (6151853A303C5E9900C728C0 /* PBXFileSystemSynchronizedBuildFileExceptionSet */, ); explicitFileTypes = {}; explicitFolders = (); path = DrPawWidget; sourceTree = "<group>"; };
/* End PBXFileSystemSynchronizedRootGroup section */

/* Begin PBXFrameworksBuildPhase section */
		61518520303C5E9600C728C0 /* Frameworks */ = {
			isa = PBXFrameworksBuildPhase;
			buildActionMask = 2147483647;
			files = (
				61518528303C5E9700C728C0 /* SwiftUI.framework in Frameworks */,
				61518526303C5E9700C728C0 /* WidgetKit.framework in Frameworks */,
			);
			runOnlyForDeploymentPostprocessing = 0;
		};
		84EB63112FE927BC0061BCA3 /* Frameworks */ = {
			isa = PBXFrameworksBuildPhase;
			buildActionMask = 2147483647;
			files = (
				612B77CE305E989E00A9140B /* RevenueCatUI in Frameworks */,
				612B77CC305E989E00A9140B /* RevenueCat in Frameworks */,
			);
			runOnlyForDeploymentPostprocessing = 0;
		};
/* End PBXFrameworksBuildPhase section */

/* Begin PBXGroup section */
		6110A0083000060000C0DEA1 /* Models */ = {
			isa = PBXGroup;
			children = (
				6110A0003000060000C0DEA1 /* VetClinic.swift */,
				61733FE53000FFE4000A8F47 /* UserSession.swift */,
				61662D3630078291008CA460 /* AnimalData.swift */,
				61662D3830078330008CA460 /* Animal.swift */,
				6151851D303C585300C728C0 /* NotificationTemplate.swift */,
				6153C4A83052C0F6003C9AB1 /* Dr_Paw.xcdatamodeld */,
				6153C4AC3052C23C003C9AB1 /* PersistenceController.swift */,
				61AB39063054107D0028DEF3 /* MeasurementUnits.swift */,
				6110BF9B3063DC35007EE2F8 /* ClassifierLabelMap.swift */,
				6110BF9E3063DC56007EE2F8 /* AnimalClassifier.swift */,
			);
			path = Models;
			sourceTree = "<group>";
		};
		6110A0093000060000C0DEA1 /* Services */ = {
			isa = PBXGroup;
			children = (
				6110A0023000060000C0DEA1 /* LocationManager.swift */,
				610F49A33021F72000636C4F /* View+LiquidGlass.swift */,
				620000013100000000000002 /* SupabaseAuthService.swift */,
				620000013100000000000004 /* KeychainStore.swift */,
				6151851B303C4F5A00C728C0 /* NotificationManager.swift */,
				61AB3909305411070028DEF3 /* WeightHeightStore.swift */,
				61EC29AF305C010000FA3766 /* WidgetSharedStore.swift */,
				61EC29B2305C010100FA3766 /* DeepLinkRouter.swift */,
				61EC29B4305C010200FA3766 /* PetTimeActivityManager.swift */,
				6153C4AF3052C2ED003C9AB1 /* PetStore.swift */,
				612B77CF305EA17A00A9140B /* SubscriptionManager.swift */,
			);
			path = Services;
			sourceTree = "<group>";
		};
		6110A00A3000060000C0DEA1 /* ViewModels */ = {
			isa = PBXGroup;
			children = (
				6110A0043000060000C0DEA1 /* NearbyVetClinicViewModel.swift */,
			);
			path = ViewModels;
			sourceTree = "<group>";
		};
		612B04BE30515CD80081C3F1 /* FeatureViews */ = {
			isa = PBXGroup;
			children = (
				612B04BF30515D0B0081C3F1 /* WeightHeightTrackerView.swift */,
				612B04C23051636A0081C3F1 /* MedicalReminderView.swift */,
				612B04C5305163A40081C3F1 /* FoodWalkTrackerView.swift */,
				612B04C8305163BB0081C3F1 /* PetsListView.swift */,
			);
			path = FeatureViews;
			sourceTree = "<group>";
		};
		61518518303C4E3A00C728C0 /* Resources */ = {
			isa = PBXGroup;
			children = (
				61518519303C4E9000C728C0 /* NotificationTemplates.json */,
			);
			path = Resources;
			sourceTree = "<group>";
		};
		61518524303C5E9600C728C0 /* Frameworks */ = {
			isa = PBXGroup;
			children = (
				61518525303C5E9600C728C0 /* WidgetKit.framework */,
				61518527303C5E9700C728C0 /* SwiftUI.framework */,
			);
			name = Frameworks;
			sourceTree = "<group>";
		};
		61AF16F6300A4558000F1CA6 /* ProfileScreens */ = {
			isa = PBXGroup;
			children = (
				61AB391C3054C8E00028DEF3 /* PetDetailsView.swift */,
				61AF16F9300A4597000F1CA6 /* ScanHistory.swift */,
				61AF16FB300A45AF000F1CA6 /* Remainders.swift */,
				61AF16FD300A45C1000F1CA6 /* Storage.swift */,
				61AF16FF300A45D6000F1CA6 /* About.swift */,
			);
			path = ProfileScreens;
			sourceTree = "<group>";
		};
		61CD5FDA2FFD1650006E4A32 /* onBoarding */ = {
			isa = PBXGroup;
			children = (
				61CD5FDB2FFD16A8006E4A32 /* onBoarding1.swift */,
				616EB5BB2FFF8DCA0014C9E4 /* onBoarding2.swift */,
				6168697E2FFE52F100BE4342 /* TopRoundedRectangle.swift */,
				616EB5BD2FFF91A50014C9E4 /* onBoarding3.swift */,
			);
			path = onBoarding;
			sourceTree = "<group>";
		};
		84643CD82FF7ADA300E87F23 /* Views */ = {
			isa = PBXGroup;
			children = (
				612B04BE30515CD80081C3F1 /* FeatureViews */,
				61AF16F6300A4558000F1CA6 /* ProfileScreens */,
				84A5E0E02FF7D0A300E06FE3 /* LogoScreen.swift */,
				84A5E0E22FF7D0C800E06FE3 /* SplashScreen.swift */,
				61541A262FFBB9D10049D5C9 /* LoginView.swift */,
				61D4C08B3061113D0074CDAA /* PaywallView.swift */,
				61AF16F7300A4581000F1CA6 /* MyAnimals.swift */,
				611B67633061472200779545 /* PetCollageView.swift */,
				611248DB3004EEA10021C332 /* ProfileScreenView.swift */,
				611248E13004EEB90021C332 /* AnimalLibraryView.swift */,
				610971492FFBBFF7009D9875 /* SignUpView.swift */,
				611248D93004EE980021C332 /* ScanResultView.swift */,
				611248DF3004EEB00021C332 /* CameraCaptureView.swift */,
				6110A0063000060000C0DEA1 /* VetClinicCardView.swift */,
				613A5F8E3004DECE006F3A06 /* HomeScreenView.swift */,
				6153C4B53052C464003C9AB1 /* AddPetView.swift */,
				61E1E7EE3053B4AB00B75AC2 /* PetFormView.swift */,
				61EC298F305A5C7100FA3766 /* SettingsView.swift */,
			);
			path = Views;
			sourceTree = "<group>";
		};
		84EB630B2FE927BC0061BCA3 = {
			isa = PBXGroup;
			children = (
				84EB63162FE927BC0061BCA3 /* Dr.Paw */,
				61518529303C5E9700C728C0 /* DrPawWidget */,
				61518524303C5E9600C728C0 /* Frameworks */,
				84EB63152FE927BC0061BCA3 /* Products */,
			);
			sourceTree = "<group>";
		};
		84EB63152FE927BC0061BCA3 /* Products */ = {
			isa = PBXGroup;
			children = (
				84EB63142FE927BC0061BCA3 /* Dr.Paw.app */,
				61518523303C5E9600C728C0 /* DrPawWidgetExtension.appex */,
			);
			name = Products;
			sourceTree = "<group>";
		};
		84EB63162FE927BC0061BCA3 /* Dr.Paw */ = {
			isa = PBXGroup;
			children = (
				61518518303C4E3A00C728C0 /* Resources */,
				61CD5FDA2FFD1650006E4A32 /* onBoarding */,
				6110A0083000060000C0DEA1 /* Models */,
				6110A0093000060000C0DEA1 /* Services */,
				6110A00A3000060000C0DEA1 /* ViewModels */,
				84643CD82FF7ADA300E87F23 /* Views */,
				84EB63172FE927BC0061BCA3 /* Dr_PawApp.swift */,
				61541A242FFBABB40049D5C9 /* ColorExtension.swift */,
				6110BF973063DB65007EE2F8 /* BirdClassifier.mlmodel */,
				6110BF993063DB6B007EE2F8 /* CatBreedClassifier.mlmodel */,
				6110BF933063DB59007EE2F8 /* FarmAnimalClassifier.mlmodel */,
				6110BF953063DB5F007EE2F8 /* RodentClassifier.mlmodel */,
				6110BF913063DB46007EE2F8 /* DogBreedClassifier.mlmodel */,
				6110BF8F3063DAC8007EE2F8 /* SpeciesClassifier .mlmodel */,
				84EB631B2FE927BD0061BCA3 /* Assets.xcassets */,
				84EB631D2FE927BD0061BCA3 /* Preview Content */,
			);
			path = Dr.Paw;
			sourceTree = "<group>";
		};
		84EB631D2FE927BD0061BCA3 /* Preview Content */ = {
			isa = PBXGroup;
			children = (
				84EB631E2FE927BD0061BCA3 /* Preview Assets.xcassets */,
			);
			path = "Preview Content";
			sourceTree = "<group>";
		};
/* End PBXGroup section */

/* Begin PBXNativeTarget section */
		61518522303C5E9600C728C0 /* DrPawWidgetExtension */ = {
			isa = PBXNativeTarget;
			buildConfigurationList = 6151853B303C5E9900C728C0 /* Build configuration list for PBXNativeTarget "DrPawWidgetExtension" */;
			buildPhases = (
				6151851F303C5E9600C728C0 /* Sources */,
				61518520303C5E9600C728C0 /* Frameworks */,
				61518521303C5E9600C728C0 /* Resources */,
			);
			buildRules = (
			);
			dependencies = (
			);
			fileSystemSynchronizedGroups = (
				61518529303C5E9700C728C0 /* DrPawWidget */,
			);
			name = DrPawWidgetExtension;
			packageProductDependencies = (
			);
			productName = DrPawWidgetExtension;
			productReference = 61518523303C5E9600C728C0 /* DrPawWidgetExtension.appex */;
			productType = "com.apple.product-type.app-extension";
		};
		84EB63132FE927BC0061BCA3 /* Dr.Paw */ = {
			isa = PBXNativeTarget;
			buildConfigurationList = 84EB63222FE927BD0061BCA3 /* Build configuration list for PBXNativeTarget "Dr.Paw" */;
			buildPhases = (
				84EB63102FE927BC0061BCA3 /* Sources */,
				84EB63112FE927BC0061BCA3 /* Frameworks */,
				84EB63122FE927BC0061BCA3 /* Resources */,
				6151853E303C5E9900C728C0 /* Embed Foundation Extensions */,
			);
			buildRules = (
			);
			dependencies = (
				61518538303C5E9900C728C0 /* PBXTargetDependency */,
			);
			name = Dr.Paw;
			productName = Dr.Paw;
			productReference = 84EB63142FE927BC0061BCA3 /* Dr.Paw.app */;
			productType = "com.apple.product-type.application";
		};
/* End PBXNativeTarget section */

/* Begin PBXProject section */
		84EB630C2FE927BC0061BCA3 /* Project object */ = {
			isa = PBXProject;
			attributes = {
				BuildIndependentTargetsInParallel = 1;
				LastSwiftUpdateCheck = 2660;
				LastUpgradeCheck = 1540;
				TargetAttributes = {
					61518522303C5E9600C728C0 = {
						CreatedOnToolsVersion = 26.6;
					};
					84EB63132FE927BC0061BCA3 = {
						CreatedOnToolsVersion = 15.4;
					};
				};
			};
			buildConfigurationList = 84EB630F2FE927BC0061BCA3 /* Build configuration list for PBXProject "Dr.Paw" */;
			compatibilityVersion = "Xcode 14.0";
			developmentRegion = en;
			hasScannedForEncodings = 0;
			knownRegions = (
				en,
				Base,
			);
			mainGroup = 84EB630B2FE927BC0061BCA3;
			packageReferences = (
				612B77CA305E989E00A9140B /* XCRemoteSwiftPackageReference "purchases-ios-spm" */,
			);
			productRefGroup = 84EB63152FE927BC0061BCA3 /* Products */;
			projectDirPath = "";
			projectRoot = "";
			targets = (
				84EB63132FE927BC0061BCA3 /* Dr.Paw */,
				61518522303C5E9600C728C0 /* DrPawWidgetExtension */,
			);
		};
/* End PBXProject section */

/* Begin PBXResourcesBuildPhase section */
		61518521303C5E9600C728C0 /* Resources */ = {
			isa = PBXResourcesBuildPhase;
			buildActionMask = 2147483647;
			files = (
			);
			runOnlyForDeploymentPostprocessing = 0;
		};
		84EB63122FE927BC0061BCA3 /* Resources */ = {
			isa = PBXResourcesBuildPhase;
			buildActionMask = 2147483647;
			files = (
				6151851A303C4E9800C728C0 /* NotificationTemplates.json in Resources */,
				84EB631F2FE927BD0061BCA3 /* Preview Assets.xcassets in Resources */,
				84EB631C2FE927BD0061BCA3 /* Assets.xcassets in Resources */,
			);
			runOnlyForDeploymentPostprocessing = 0;
		};
/* End PBXResourcesBuildPhase section */

/* Begin PBXSourcesBuildPhase section */
		6151851F303C5E9600C728C0 /* Sources */ = {
			isa = PBXSourcesBuildPhase;
			buildActionMask = 2147483647;
			files = (
				61AB39073054107D0028DEF3 /* MeasurementUnits.swift in Sources */,
				6153C4AB3052C0F6003C9AB1 /* Dr_Paw.xcdatamodeld in Sources */,
				612B04C7305163A40081C3F1 /* FoodWalkTrackerView.swift in Sources */,
				612B04C130515D0B0081C3F1 /* WeightHeightTrackerView.swift in Sources */,
				61DD959330626E0400A57945 /* NotificationManager.swift in Sources */,
				612B04CA305163BB0081C3F1 /* PetsListView.swift in Sources */,
				6110BF9D3063DC35007EE2F8 /* ClassifierLabelMap.swift in Sources */,
				6153C4B73052C464003C9AB1 /* AddPetView.swift in Sources */,
				61E1E7F03053B4AB00B75AC2 /* PetFormView.swift in Sources */,
				6153C4A63052AC7A003C9AB1 /* ColorExtension.swift in Sources */,
				6153C4A73052ACB2003C9AB1 /* View+LiquidGlass.swift in Sources */,
				61518540303C649900C728C0 /* AnimalData.swift in Sources */,
				6151853F303C648E00C728C0 /* Animal.swift in Sources */,
				6153C4AD3052C23C003C9AB1 /* PersistenceController.swift in Sources */,
				61DD959430626E0D00A57945 /* NotificationTemplate.swift in Sources */,
				6153C4B13052C2ED003C9AB1 /* PetStore.swift in Sources */,
				61AB390B305411070028DEF3 /* WeightHeightStore.swift in Sources */,
				61DD959130626DC800A57945 /* MedicalReminderView.swift in Sources */,
				61EC29B1305C010000FA3766 /* WidgetSharedStore.swift in Sources */,
			);
			runOnlyForDeploymentPostprocessing = 0;
		};
		84EB63102FE927BC0061BCA3 /* Sources */ = {
			isa = PBXSourcesBuildPhase;
			buildActionMask = 2147483647;
			files = (
				6151851E303C585300C728C0 /* NotificationTemplate.swift in Sources */,
				6110BF923063DB46007EE2F8 /* DogBreedClassifier.mlmodel in Sources */,
				61EC2990305A5C7100FA3766 /* SettingsView.swift in Sources */,
				61CD5FDC2FFD16A8006E4A32 /* onBoarding1.swift in Sources */,
				612B04C43051636A0081C3F1 /* MedicalReminderView.swift in Sources */,
				612B04C030515D0B0081C3F1 /* WeightHeightTrackerView.swift in Sources */,
				61AB390A305411070028DEF3 /* WeightHeightStore.swift in Sources */,
				61AF16FE300A45C1000F1CA6 /* Storage.swift in Sources */,
				616EB5BC2FFF8DCA0014C9E4 /* onBoarding2.swift in Sources */,
				61AF16F8300A4581000F1CA6 /* MyAnimals.swift in Sources */,
				61AB391D3054C8E00028DEF3 /* PetDetailsView.swift in Sources */,
				6110A0053000060000C0DEA1 /* NearbyVetClinicViewModel.swift in Sources */,
				61541A272FFBB9D10049D5C9 /* LoginView.swift in Sources */,
				84A5E0E32FF7D0C800E06FE3 /* SplashScreen.swift in Sources */,
				61662D3730078291008CA460 /* AnimalData.swift in Sources */,
				84A5E0E12FF7D0A300E06FE3 /* LogoScreen.swift in Sources */,
				6109714A2FFBBFF7009D9875 /* SignUpView.swift in Sources */,
				612B04C6305163A40081C3F1 /* FoodWalkTrackerView.swift in Sources */,
				6153C4B03052C2ED003C9AB1 /* PetStore.swift in Sources */,
				61EC29B0305C010000FA3766 /* WidgetSharedStore.swift in Sources */,
				61EC29B3305C010100FA3766 /* DeepLinkRouter.swift in Sources */,
				61EC29B5305C010200FA3766 /* PetTimeActivityManager.swift in Sources */,
				61AF16FC300A45AF000F1CA6 /* Remainders.swift in Sources */,
				6110BF943063DB59007EE2F8 /* FarmAnimalClassifier.mlmodel in Sources */,
				61AB39083054107D0028DEF3 /* MeasurementUnits.swift in Sources */,
				612B04C9305163BB0081C3F1 /* PetsListView.swift in Sources */,
				613A5F8F3004DECE006F3A06 /* HomeScreenView.swift in Sources */,
				612B77D0305EA17A00A9140B /* SubscriptionManager.swift in Sources */,
				61733FE63000FFE4000A8F47 /* UserSession.swift in Sources */,
				6110A0013000060000C0DEA1 /* VetClinic.swift in Sources */,
				611248E03004EEB00021C332 /* CameraCaptureView.swift in Sources */,
				6110BFA03063DC56007EE2F8 /* AnimalClassifier.swift in Sources */,
				6168697F2FFE52F100BE4342 /* TopRoundedRectangle.swift in Sources */,
				610F49A43021F72000636C4F /* View+LiquidGlass.swift in Sources */,
				620000013100000000000001 /* SupabaseAuthService.swift in Sources */,
				620000013100000000000003 /* KeychainStore.swift in Sources */,
				61D4C08C3061113D0074CDAA /* PaywallView.swift in Sources */,
				6110BF9C3063DC35007EE2F8 /* ClassifierLabelMap.swift in Sources */,
				6110A0033000060000C0DEA1 /* LocationManager.swift in Sources */,
				611248DA3004EE980021C332 /* ScanResultView.swift in Sources */,
				6151851C303C4F5A00C728C0 /* NotificationManager.swift in Sources */,
				611B67643061472200779545 /* PetCollageView.swift in Sources */,
				6153C4AA3052C0F6003C9AB1 /* Dr_Paw.xcdatamodeld in Sources */,
				6110BF903063DAC8007EE2F8 /* SpeciesClassifier .mlmodel in Sources */,
				6110BF9A3063DB6B007EE2F8 /* CatBreedClassifier.mlmodel in Sources */,
				61AF1700300A45D6000F1CA6 /* About.swift in Sources */,
				61662D3930078330008CA460 /* Animal.swift in Sources */,
				6110BF983063DB65007EE2F8 /* BirdClassifier.mlmodel in Sources */,
				61AF16FA300A4597000F1CA6 /* ScanHistory.swift in Sources */,
				611248DC3004EEA10021C332 /* ProfileScreenView.swift in Sources */,
				61E1E7EF3053B4AB00B75AC2 /* PetFormView.swift in Sources */,
				611248E23004EEB90021C332 /* AnimalLibraryView.swift in Sources */,
				84EB63182FE927BC0061BCA3 /* Dr_PawApp.swift in Sources */,
				61541A252FFBABB40049D5C9 /* ColorExtension.swift in Sources */,
				6153C4AE3052C23C003C9AB1 /* PersistenceController.swift in Sources */,
				6110A0073000060000C0DEA1 /* VetClinicCardView.swift in Sources */,
				6110BF963063DB5F007EE2F8 /* RodentClassifier.mlmodel in Sources */,
				6153C4B63052C464003C9AB1 /* AddPetView.swift in Sources */,
				616EB5BE2FFF91A50014C9E4 /* onBoarding3.swift in Sources */,
			);
			runOnlyForDeploymentPostprocessing = 0;
		};
/* End PBXSourcesBuildPhase section */

/* Begin PBXTargetDependency section */
		61518538303C5E9900C728C0 /* PBXTargetDependency */ = {
			isa = PBXTargetDependency;
			target = 61518522303C5E9600C728C0 /* DrPawWidgetExtension */;
			targetProxy = 61518537303C5E9900C728C0 /* PBXContainerItemProxy */;
		};
/* End PBXTargetDependency section */

/* Begin XCBuildConfiguration section */
		6151853C303C5E9900C728C0 /* Debug */ = {
			isa = XCBuildConfiguration;
			buildSettings = {
				ASSETCATALOG_COMPILER_GLOBAL_ACCENT_COLOR_NAME = AccentColor;
				ASSETCATALOG_COMPILER_WIDGET_BACKGROUND_COLOR_NAME = WidgetBackground;
				CODE_SIGN_ENTITLEMENTS = DrPawWidget/DrPawWidget.entitlements;
				CODE_SIGN_STYLE = Automatic;
				CURRENT_PROJECT_VERSION = 1;
				DEVELOPMENT_TEAM = 544NCK9Q84;
				GENERATE_INFOPLIST_FILE = YES;
				INFOPLIST_FILE = DrPawWidget/Info.plist;
				INFOPLIST_KEY_CFBundleDisplayName = DrPawWidget;
				INFOPLIST_KEY_NSHumanReadableCopyright = "";
				IPHONEOS_DEPLOYMENT_TARGET = 26.5;
				LD_RUNPATH_SEARCH_PATHS = (
					"$(inherited)",
					"@executable_path/Frameworks",
					"@executable_path/../../Frameworks",
				);
				MARKETING_VERSION = 1.0;
				PRODUCT_BUNDLE_IDENTIFIER = "com.Adityasinh.Dr-Paw.DrPawWidget";
				PRODUCT_NAME = "$(TARGET_NAME)";
				SKIP_INSTALL = YES;
				STRING_CATALOG_GENERATE_SYMBOLS = YES;
				SWIFT_APPROACHABLE_CONCURRENCY = YES;
				SWIFT_EMIT_LOC_STRINGS = YES;
				SWIFT_UPCOMING_FEATURE_MEMBER_IMPORT_VISIBILITY = YES;
				SWIFT_VERSION = 5.0;
				TARGETED_DEVICE_FAMILY = "1,2";
			};
			name = Debug;
		};
		6151853D303C5E9900C728C0 /* Release */ = {
			isa = XCBuildConfiguration;
			buildSettings = {
				ASSETCATALOG_COMPILER_GLOBAL_ACCENT_COLOR_NAME = AccentColor;
				ASSETCATALOG_COMPILER_WIDGET_BACKGROUND_COLOR_NAME = WidgetBackground;
				CODE_SIGN_ENTITLEMENTS = DrPawWidget/DrPawWidget.entitlements;
				CODE_SIGN_STYLE = Automatic;
				CURRENT_PROJECT_VERSION = 1;
				DEVELOPMENT_TEAM = 544NCK9Q84;
				GENERATE_INFOPLIST_FILE = YES;
				INFOPLIST_FILE = DrPawWidget/Info.plist;
				INFOPLIST_KEY_CFBundleDisplayName = DrPawWidget;
				INFOPLIST_KEY_NSHumanReadableCopyright = "";
				IPHONEOS_DEPLOYMENT_TARGET = 26.5;
				LD_RUNPATH_SEARCH_PATHS = (
					"$(inherited)",
					"@executable_path/Frameworks",
					"@executable_path/../../Frameworks",
				);
				MARKETING_VERSION = 1.0;
				PRODUCT_BUNDLE_IDENTIFIER = "com.Adityasinh.Dr-Paw.DrPawWidget";
				PRODUCT_NAME = "$(TARGET_NAME)";
				SKIP_INSTALL = YES;
				STRING_CATALOG_GENERATE_SYMBOLS = YES;
				SWIFT_APPROACHABLE_CONCURRENCY = YES;
				SWIFT_EMIT_LOC_STRINGS = YES;
				SWIFT_UPCOMING_FEATURE_MEMBER_IMPORT_VISIBILITY = YES;
				SWIFT_VERSION = 5.0;
				TARGETED_DEVICE_FAMILY = "1,2";
			};
			name = Release;
		};
		84EB63202FE927BD0061BCA3 /* Debug */ = {
			isa = XCBuildConfiguration;
			buildSettings = {
				ALWAYS_SEARCH_USER_PATHS = NO;
				ASSETCATALOG_COMPILER_GENERATE_SWIFT_ASSET_SYMBOL_EXTENSIONS = YES;
				CLANG_ANALYZER_NONNULL = YES;
				CLANG_ANALYZER_NUMBER_OBJECT_CONVERSION = YES_AGGRESSIVE;
				CLANG_CXX_LANGUAGE_STANDARD = "gnu++20";
				CLANG_ENABLE_MODULES = YES;
				CLANG_ENABLE_OBJC_ARC = YES;
				CLANG_ENABLE_OBJC_WEAK = YES;
				CLANG_WARN_BLOCK_CAPTURE_AUTORELEASING = YES;
				CLANG_WARN_BOOL_CONVERSION = YES;
				CLANG_WARN_COMMA = YES;
				CLANG_WARN_CONSTANT_CONVERSION = YES;
				CLANG_WARN_DEPRECATED_OBJC_IMPLEMENTATIONS = YES;
				CLANG_WARN_DIRECT_OBJC_ISA_USAGE = YES_ERROR;
				CLANG_WARN_DOCUMENTATION_COMMENTS = YES;
				CLANG_WARN_EMPTY_BODY = YES;
				CLANG_WARN_ENUM_CONVERSION = YES;
				CLANG_WARN_INFINITE_RECURSION = YES;
				CLANG_WARN_INT_CONVERSION = YES;
				CLANG_WARN_NON_LITERAL_NULL_CONVERSION = YES;
				CLANG_WARN_OBJC_IMPLICIT_RETAIN_SELF = YES;
				CLANG_WARN_OBJC_LITERAL_CONVERSION = YES;
				CLANG_WARN_OBJC_ROOT_CLASS = YES_ERROR;
				CLANG_WARN_QUOTED_INCLUDE_IN_FRAMEWORK_HEADER = YES;
				CLANG_WARN_RANGE_LOOP_ANALYSIS = YES;
				CLANG_WARN_STRICT_PROTOTYPES = YES;
				CLANG_WARN_SUSPICIOUS_MOVE = YES;
				CLANG_WARN_UNGUARDED_AVAILABILITY = YES_AGGRESSIVE;
				CLANG_WARN_UNREACHABLE_CODE = YES;
				CLANG_WARN__DUPLICATE_METHOD_MATCH = YES;
				COPY_PHASE_STRIP = NO;
				DEBUG_INFORMATION_FORMAT = dwarf;
				ENABLE_STRICT_OBJC_MSGSEND = YES;
				ENABLE_TESTABILITY = YES;
				ENABLE_USER_SCRIPT_SANDBOXING = YES;
				GCC_C_LANGUAGE_STANDARD = gnu17;
				GCC_DYNAMIC_NO_PIC = NO;
				GCC_NO_COMMON_BLOCKS = YES;
				GCC_OPTIMIZATION_LEVEL = 0;
				GCC_PREPROCESSOR_DEFINITIONS = (
					"DEBUG=1",
					"$(inherited)",
				);
				GCC_WARN_64_TO_32_BIT_CONVERSION = YES;
				GCC_WARN_ABOUT_RETURN_TYPE = YES_ERROR;
				GCC_WARN_UNDECLARED_SELECTOR = YES;
				GCC_WARN_UNINITIALIZED_AUTOS = YES_AGGRESSIVE;
				GCC_WARN_UNUSED_FUNCTION = YES;
				GCC_WARN_UNUSED_VARIABLE = YES;
				IPHONEOS_DEPLOYMENT_TARGET = 17.5;
				LOCALIZATION_PREFERS_STRING_CATALOGS = YES;
				MTL_ENABLE_DEBUG_INFO = INCLUDE_SOURCE;
				MTL_FAST_MATH = YES;
				ONLY_ACTIVE_ARCH = YES;
				SDKROOT = iphoneos;
				SWIFT_ACTIVE_COMPILATION_CONDITIONS = "DEBUG $(inherited)";
				SWIFT_OPTIMIZATION_LEVEL = "-Onone";
			};
			name = Debug;
		};
		84EB63212FE927BD0061BCA3 /* Release */ = {
			isa = XCBuildConfiguration;
			buildSettings = {
				ALWAYS_SEARCH_USER_PATHS = NO;
				ASSETCATALOG_COMPILER_GENERATE_SWIFT_ASSET_SYMBOL_EXTENSIONS = YES;
				CLANG_ANALYZER_NONNULL = YES;
				CLANG_ANALYZER_NUMBER_OBJECT_CONVERSION = YES_AGGRESSIVE;
				CLANG_CXX_LANGUAGE_STANDARD = "gnu++20";
				CLANG_ENABLE_MODULES = YES;
				CLANG_ENABLE_OBJC_ARC = YES;
				CLANG_ENABLE_OBJC_WEAK = YES;
				CLANG_WARN_BLOCK_CAPTURE_AUTORELEASING = YES;
				CLANG_WARN_BOOL_CONVERSION = YES;
				CLANG_WARN_COMMA = YES;
				CLANG_WARN_CONSTANT_CONVERSION = YES;
				CLANG_WARN_DEPRECATED_OBJC_IMPLEMENTATIONS = YES;
				CLANG_WARN_DIRECT_OBJC_ISA_USAGE = YES_ERROR;
				CLANG_WARN_DOCUMENTATION_COMMENTS = YES;
				CLANG_WARN_EMPTY_BODY = YES;
				CLANG_WARN_ENUM_CONVERSION = YES;
				CLANG_WARN_INFINITE_RECURSION = YES;
				CLANG_WARN_INT_CONVERSION = YES;
				CLANG_WARN_NON_LITERAL_NULL_CONVERSION = YES;
				CLANG_WARN_OBJC_IMPLICIT_RETAIN_SELF = YES;
				CLANG_WARN_OBJC_LITERAL_CONVERSION = YES;
				CLANG_WARN_OBJC_ROOT_CLASS = YES_ERROR;
				CLANG_WARN_QUOTED_INCLUDE_IN_FRAMEWORK_HEADER = YES;
				CLANG_WARN_RANGE_LOOP_ANALYSIS = YES;
				CLANG_WARN_STRICT_PROTOTYPES = YES;
				CLANG_WARN_SUSPICIOUS_MOVE = YES;
				CLANG_WARN_UNGUARDED_AVAILABILITY = YES_AGGRESSIVE;
				CLANG_WARN_UNREACHABLE_CODE = YES;
				CLANG_WARN__DUPLICATE_METHOD_MATCH = YES;
				COPY_PHASE_STRIP = NO;
				DEBUG_INFORMATION_FORMAT = "dwarf-with-dsym";
				ENABLE_NS_ASSERTIONS = NO;
				ENABLE_STRICT_OBJC_MSGSEND = YES;
				ENABLE_USER_SCRIPT_SANDBOXING = YES;
				GCC_C_LANGUAGE_STANDARD = gnu17;
				GCC_NO_COMMON_BLOCKS = YES;
				GCC_WARN_64_TO_32_BIT_CONVERSION = YES;
				GCC_WARN_ABOUT_RETURN_TYPE = YES_ERROR;
				GCC_WARN_UNDECLARED_SELECTOR = YES;
				GCC_WARN_UNINITIALIZED_AUTOS = YES_AGGRESSIVE;
				GCC_WARN_UNUSED_FUNCTION = YES;
				GCC_WARN_UNUSED_VARIABLE = YES;
				IPHONEOS_DEPLOYMENT_TARGET = 17.5;
				LOCALIZATION_PREFERS_STRING_CATALOGS = YES;
				MTL_ENABLE_DEBUG_INFO = NO;
				MTL_FAST_MATH = YES;
				SDKROOT = iphoneos;
				SWIFT_COMPILATION_MODE = wholemodule;
				VALIDATE_PRODUCT = YES;
			};
			name = Release;
		};
		84EB63232FE927BD0061BCA3 /* Debug */ = {
			isa = XCBuildConfiguration;
			buildSettings = {
				ASSETCATALOG_COMPILER_APPICON_NAME = AppIcon;
				ASSETCATALOG_COMPILER_GLOBAL_ACCENT_COLOR_NAME = AccentColor;
				CODE_SIGN_ENTITLEMENTS = Dr.Paw/Dr.Paw.entitlements;
				CODE_SIGN_STYLE = Automatic;
				CURRENT_PROJECT_VERSION = 1;
				DEVELOPMENT_ASSET_PATHS = "\"Dr.Paw/Preview Content\"";
				DEVELOPMENT_TEAM = 544NCK9Q84;
				ENABLE_PREVIEWS = YES;
				GENERATE_INFOPLIST_FILE = YES;
				INFOPLIST_FILE = Dr.Paw/Info.plist;
				INFOPLIST_KEY_NSCameraUsageDescription = "This app needs access to the camera to capture photos.";
				INFOPLIST_KEY_NSLocationWhenInUseUsageDescription = "Dr. Paws uses your location to find nearby vet clinics.";
				INFOPLIST_KEY_NSSupportsLiveActivities = YES;
				INFOPLIST_KEY_UIApplicationSceneManifest_Generation = YES;
				INFOPLIST_KEY_UIApplicationSupportsIndirectInputEvents = YES;
				INFOPLIST_KEY_UILaunchScreen_Generation = YES;
				INFOPLIST_KEY_UISupportedInterfaceOrientations_iPad = "UIInterfaceOrientationPortrait UIInterfaceOrientationPortraitUpsideDown UIInterfaceOrientationLandscapeLeft UIInterfaceOrientationLandscapeRight";
				INFOPLIST_KEY_UISupportedInterfaceOrientations_iPhone = "UIInterfaceOrientationPortrait UIInterfaceOrientationLandscapeLeft UIInterfaceOrientationLandscapeRight";
				LD_RUNPATH_SEARCH_PATHS = (
					"$(inherited)",
					"@executable_path/Frameworks",
				);
				MARKETING_VERSION = 1.0;
				PRODUCT_BUNDLE_IDENTIFIER = "com.Adityasinh.Dr-Paw";
				PRODUCT_NAME = "$(TARGET_NAME)";
				SWIFT_EMIT_LOC_STRINGS = YES;
				SWIFT_VERSION = 5.0;
				TARGETED_DEVICE_FAMILY = "1,2";
			};
			name = Debug;
		};
		84EB63242FE927BD0061BCA3 /* Release */ = {
			isa = XCBuildConfiguration;
			buildSettings = {
				ASSETCATALOG_COMPILER_APPICON_NAME = AppIcon;
				ASSETCATALOG_COMPILER_GLOBAL_ACCENT_COLOR_NAME = AccentColor;
				CODE_SIGN_ENTITLEMENTS = Dr.Paw/Dr.Paw.entitlements;
				CODE_SIGN_STYLE = Automatic;
				CURRENT_PROJECT_VERSION = 1;
				DEVELOPMENT_ASSET_PATHS = "\"Dr.Paw/Preview Content\"";
				DEVELOPMENT_TEAM = 544NCK9Q84;
				ENABLE_PREVIEWS = YES;
				GENERATE_INFOPLIST_FILE = YES;
				INFOPLIST_FILE = Dr.Paw/Info.plist;
				INFOPLIST_KEY_NSCameraUsageDescription = "This app needs access to the camera to capture photos.";
				INFOPLIST_KEY_NSLocationWhenInUseUsageDescription = "Dr. Paws uses your location to find nearby vet clinics.";
				INFOPLIST_KEY_NSSupportsLiveActivities = YES;
				INFOPLIST_KEY_UIApplicationSceneManifest_Generation = YES;
				INFOPLIST_KEY_UIApplicationSupportsIndirectInputEvents = YES;
				INFOPLIST_KEY_UILaunchScreen_Generation = YES;
				INFOPLIST_KEY_UISupportedInterfaceOrientations_iPad = "UIInterfaceOrientationPortrait UIInterfaceOrientationPortraitUpsideDown UIInterfaceOrientationLandscapeLeft UIInterfaceOrientationLandscapeRight";
				INFOPLIST_KEY_UISupportedInterfaceOrientations_iPhone = "UIInterfaceOrientationPortrait UIInterfaceOrientationLandscapeLeft UIInterfaceOrientationLandscapeRight";
				LD_RUNPATH_SEARCH_PATHS = (
					"$(inherited)",
					"@executable_path/Frameworks",
				);
				MARKETING_VERSION = 1.0;
				PRODUCT_BUNDLE_IDENTIFIER = "com.Adityasinh.Dr-Paw";
				PRODUCT_NAME = "$(TARGET_NAME)";
				SWIFT_EMIT_LOC_STRINGS = YES;
				SWIFT_VERSION = 5.0;
				TARGETED_DEVICE_FAMILY = "1,2";
			};
			name = Release;
		};
/* End XCBuildConfiguration section */

/* Begin XCConfigurationList section */
		6151853B303C5E9900C728C0 /* Build configuration list for PBXNativeTarget "DrPawWidgetExtension" */ = {
			isa = XCConfigurationList;
			buildConfigurations = (
				6151853C303C5E9900C728C0 /* Debug */,
				6151853D303C5E9900C728C0 /* Release */,
			);
			defaultConfigurationIsVisible = 0;
			defaultConfigurationName = Release;
		};
		84EB630F2FE927BC0061BCA3 /* Build configuration list for PBXProject "Dr.Paw" */ = {
			isa = XCConfigurationList;
			buildConfigurations = (
				84EB63202FE927BD0061BCA3 /* Debug */,
				84EB63212FE927BD0061BCA3 /* Release */,
			);
			defaultConfigurationIsVisible = 0;
			defaultConfigurationName = Release;
		};
		84EB63222FE927BD0061BCA3 /* Build configuration list for PBXNativeTarget "Dr.Paw" */ = {
			isa = XCConfigurationList;
			buildConfigurations = (
				84EB63232FE927BD0061BCA3 /* Debug */,
				84EB63242FE927BD0061BCA3 /* Release */,
			);
			defaultConfigurationIsVisible = 0;
			defaultConfigurationName = Release;
		};
/* End XCConfigurationList section */

/* Begin XCRemoteSwiftPackageReference section */
		612B77CA305E989E00A9140B /* XCRemoteSwiftPackageReference "purchases-ios-spm" */ = {
			isa = XCRemoteSwiftPackageReference;
			repositoryURL = "https://github.com/RevenueCat/purchases-ios-spm.git";
			requirement = {
				kind = upToNextMajorVersion;
				minimumVersion = 5.90.2;
			};
		};
/* End XCRemoteSwiftPackageReference section */

/* Begin XCSwiftPackageProductDependency section */
		612B77CB305E989E00A9140B /* RevenueCat */ = {
			isa = XCSwiftPackageProductDependency;
			package = 612B77CA305E989E00A9140B /* XCRemoteSwiftPackageReference "purchases-ios-spm" */;
			productName = RevenueCat;
		};
		612B77CD305E989E00A9140B /* RevenueCatUI */ = {
			isa = XCSwiftPackageProductDependency;
			package = 612B77CA305E989E00A9140B /* XCRemoteSwiftPackageReference "purchases-ios-spm" */;
			productName = RevenueCatUI;
		};
/* End XCSwiftPackageProductDependency section */

/* Begin XCVersionGroup section */
		6153C4A83052C0F6003C9AB1 /* Dr_Paw.xcdatamodeld */ = {
			isa = XCVersionGroup;
			children = (
				6153C4A93052C0F6003C9AB1 /* Dr_Paw.xcdatamodel */,
			);
			currentVersion = 6153C4A93052C0F6003C9AB1 /* Dr_Paw.xcdatamodel */;
			path = Dr_Paw.xcdatamodeld;
			sourceTree = "<group>";
			versionGroupType = wrapper.xcdatamodel;
		};
/* End XCVersionGroup section */
	};
	rootObject = 84EB630C2FE927BC0061BCA3 /* Project object */;
}
